// !$*UTF8*$!
{
	archiveVersion = 1;
	classes = {
	};
	objectVersion = 56;
	objects = {

/* Begin PBXBuildFile section */
		7645B8B42A13B45600A30370 /* EarthquakeDetails.swift in Sources */ = {isa = PBXBuildFile; fileRef = 7645B8B32A13B45600A30370 /* EarthquakeDetails.swift */; };
		7645B8B62A13DF7D00A30370 /* README.md in Resources */ = {isa = PBXBuildFile; fileRef = 7645B8B52A13DF7D00A30370 /* README.md */; };
		764E4A612A1204430081256D /* JordskævApp.swift in Sources */ = {isa = PBXBuildFile; fileRef = 764E4A602A1204430081256D /* JordskævApp.swift */; };
		764E4A632A1204430081256D /* MainView.swift in Sources */ = {isa = PBXBuildFile; fileRef = 764E4A622A1204430081256D /* MainView.swift */; };
		764E4A652A1204450081256D /* Assets.xcassets in Resources */ = {isa = PBXBuildFile; fileRef = 764E4A642A1204450081256D /* Assets.xcassets */; };
		764E4A682A1204450081256D /* Preview Assets.xcassets in Resources */ = {isa = PBXBuildFile; fileRef = 764E4A672A1204450081256D /* Preview Assets.xcassets */; };
		764E4A702A1205C30081256D /* Earthquake.swift in Sources */ = {isa = PBXBuildFile; fileRef = 764E4A6F2A1205C30081256D /* Earthquake.swift */; };
		764E4A722A12081F0081256D /* ListView.swift in Sources */ = {isa = PBXBuildFile; fileRef = 764E4A712A12081F0081256D /* ListView.swift */; };
		764E4A762A1210770081256D /* NetworkController.swift in Sources */ = {isa = PBXBuildFile; fileRef = 764E4A752A1210770081256D /* NetworkController.swift */; };
		764E4A782A12148E0081256D /* StateController.swift in Sources */ = {isa = PBXBuildFile; fileRef = 764E4A772A12148E0081256D /* StateController.swift */; };
		764E4A7E2A1287270081256D /* EarthquakeSpan.swift in Sources */ = {isa = PBXBuildFile; fileRef = 764E4A7D2A1287270081256D /* EarthquakeSpan.swift */; };
		764E4A802A128D430081256D /* EarthquakeDetailView.swift in Sources */ = {isa = PBXBuildFile; fileRef = 764E4A7F2A128D430081256D /* EarthquakeDetailView.swift */; };
		764E4A822A12C62A0081256D /* LikedOnlyView.swift in Sources */ = {isa = PBXBuildFile; fileRef = 764E4A812A12C62A0081256D /* LikedOnlyView.swift */; };
/* End PBXBuildFile section */

/* Begin PBXFileReference section */
		7645B8B32A13B45600A30370 /* EarthquakeDetails.swift */ = {isa = PBXFileReference; lastKnownFileType = sourcecode.swift; path = EarthquakeDetails.swift; sourceTree = "<group>"; };
		7645B8B52A13DF7D00A30370 /* README.md */ = {isa = PBXFileReference; lastKnownFileType = net.daringfireball.markdown; path = README.md; sourceTree = "<group>"; };
		764E4A5D2A1204430081256D /* Jordskæv.app */ = {isa = PBXFileReference; explicitFileType = wrapper.application; includeInIndex = 0; path = "Jordskæv.app"; sourceTree = BUILT_PRODUCTS_DIR; };
		764E4A602A1204430081256D /* JordskævApp.swift */ = {isa = PBXFileReference; lastKnownFileType = sourcecode.swift; path = "JordskævApp.swift"; sourceTree = "<group>"; };
		764E4A622A1204430081256D /* MainView.swift */ = {isa = PBXFileReference; lastKnownFileType = sourcecode.swift; path = MainView.swift; sourceTree = "<group>"; };
		764E4A642A1204450081256D /* Assets.xcassets */ = {isa = PBXFileReference; lastKnownFileType = folder.assetcatalog; path = Assets.xcassets; sourceTree = "<group>"; };
		764E4A672A1204450081256D /* Preview Assets.xcassets */ = {isa = PBXFileReference; lastKnownFileType = folder.assetcatalog; path = "Preview Assets.xcassets"; sourceTree = "<group>"; };
		764E4A6F2A1205C30081256D /* Earthquake.swift */ = {isa = PBXFileReference; lastKnownFileType = sourcecode.swift; path = Earthquake.swift; sourceTree = "<group>"; };
		764E4A712A12081F0081256D /* ListView.swift */ = {isa = PBXFileReference; lastKnownFileType = sourcecode.swift; path = ListView.swift; sourceTree = "<group>"; };
		764E4A752A1210770081256D /* NetworkController.swift */ = {isa = PBXFileReference; lastKnownFileType = sourcecode.swift; path = NetworkController.swift; sourceTree = "<group>"; };
		764E4A772A12148E0081256D /* StateController.swift */ = {isa = PBXFileReference; lastKnownFileType = sourcecode.swift; path = StateController.swift; sourceTree = "<group>"; };
		764E4A7D2A1287270081256D /* EarthquakeSpan.swift */ = {isa = PBXFileReference; lastKnownFileType = sourcecode.swift; path = EarthquakeSpan.swift; sourceTree = "<group>"; };
		764E4A7F2A128D430081256D /* EarthquakeDetailView.swift */ = {isa = PBXFileReference; lastKnownFileType = sourcecode.swift; path = EarthquakeDetailView.swift; sourceTree = "<group>"; };
		764E4A812A12C62A0081256D /* LikedOnlyView.swift */ = {isa = PBXFileReference; lastKnownFileType = sourcecode.swift; path = LikedOnlyView.swift; sourceTree = "<group>"; };
/* End PBXFileReference section */

/* Begin PBXFrameworksBuildPhase section */
		764E4A5A2A1204430081256D /* Frameworks */ = {
			isa = PBXFrameworksBuildPhase;
			buildActionMask = 2147483647;
			files = (
			);
			runOnlyForDeploymentPostprocessing = 0;
		};
/* End PBXFrameworksBuildPhase section */

/* Begin PBXGroup section */
		764E4A542A1204430081256D = {
			isa = PBXGroup;
			children = (
				7645B8B52A13DF7D00A30370 /* README.md */,
				764E4A5F2A1204430081256D /* Jordskæv */,
				764E4A5E2A1204430081256D /* Products */,
			);
			sourceTree = "<group>";
		};
		764E4A5E2A1204430081256D /* Products */ = {
			isa = PBXGroup;
			children = (
				764E4A5D2A1204430081256D /* Jordskæv.app */,
			);
			name = Products;
			sourceTree = "<group>";
		};
		764E4A5F2A1204430081256D /* Jordskæv */ = {
			isa = PBXGroup;
			children = (
				764E4A602A1204430081256D /* JordskævApp.swift */,
				764E4A742A12100A0081256D /* Controllers */,
				764E4A732A120FF80081256D /* Views */,
				764E4A6E2A1205AA0081256D /* Model */,
				764E4A642A1204450081256D /* Assets.xcassets */,
				764E4A662A1204450081256D /* Preview Content */,
			);
			path = "Jordskæv";
			sourceTree = "<group>";
		};
		764E4A662A1204450081256D /* Preview Content */ = {
			isa = PBXGroup;
			children = (
				764E4A672A1204450081256D /* Preview Assets.xcassets */,
			);
			path = "Preview Content";
			sourceTree = "<group>";
		};
		764E4A6E2A1205AA0081256D /* Model */ = {
			isa = PBXGroup;
			children = (
				764E4A6F2A1205C30081256D /* Earthquake.swift */,
				7645B8B32A13B45600A30370 /* EarthquakeDetails.swift */,
				764E4A7D2A1287270081256D /* EarthquakeSpan.swift */,
			);
			path = Model;
			sourceTree = "<group>";
		};
		764E4A732A120FF80081256D /* Views */ = {
			isa = PBXGroup;
			children = (
				764E4A622A1204430081256D /* MainView.swift */,
				764E4A712A12081F0081256D /* ListView.swift */,
				764E4A812A12C62A0081256D /* LikedOnlyView.swift */,
				764E4A7F2A128D430081256D /* EarthquakeDetailView.swift */,
			);
			path = Views;
			sourceTree = "<group>";
		};
		764E4A742A12100A0081256D /* Controllers */ = {
			isa = PBXGroup;
			children = (
				764E4A752A1210770081256D /* NetworkController.swift */,
				764E4A772A12148E0081256D /* StateController.swift */,
			);
			path = Controllers;
			sourceTree = "<group>";
		};
/* End PBXGroup section */

/* Begin PBXNativeTarget section */
		764E4A5C2A1204430081256D /* Jordskæv */ = {
			isa = PBXNativeTarget;
			buildConfigurationList = 764E4A6B2A1204450081256D /* Build configuration list for PBXNativeTarget "Jordskæv" */;
			buildPhases = (
				764E4A592A1204430081256D /* Sources */,
				764E4A5A2A1204430081256D /* Frameworks */,
				764E4A5B2A1204430081256D /* Resources */,
			);
			buildRules = (
			);
			dependencies = (
			);
			name = "Jordskæv";
			productName = "Jordskæv";
			productReference = 764E4A5D2A1204430081256D /* Jordskæv.app */;
			productType = "com.apple.product-type.application";
		};
/* End PBXNativeTarget section */

/* Begin PBXProject section */
		764E4A552A1204430081256D /* Project object */ = {
			isa = PBXProject;
			attributes = {
				BuildIndependentTargetsInParallel = 1;
				LastSwiftUpdateCheck = 1430;
				LastUpgradeCheck = 1430;
				TargetAttributes = {
					764E4A5C2A1204430081256D = {
						CreatedOnToolsVersion = 14.3;
					};
				};
			};
			buildConfigurationList = 764E4A582A1204430081256D /* Build configuration list for PBXProject "Jordskæv" */;
			compatibilityVersion = "Xcode 14.0";
			developmentRegion = en;
			hasScannedForEncodings = 0;
			knownRegions = (
				en,
				Base,
			);
			mainGroup = 764E4A542A1204430081256D;
			productRefGroup = 764E4A5E2A1204430081256D /* Products */;
			projectDirPath = "";
			projectRoot = "";
			targets = (
				764E4A5C2A1204430081256D /* Jordskæv */,
			);
		};
/* End PBXProject section */

/* Begin PBXResourcesBuildPhase section */
		764E4A5B2A1204430081256D /* Resources */ = {
			isa = PBXResourcesBuildPhase;
			buildActionMask = 2147483647;
			files = (
				7645B8B62A13DF7D00A30370 /* README.md in Resources */,
				764E4A682A1204450081256D /* Preview Assets.xcassets in Resources */,
				764E4A652A1204450081256D /* Assets.xcassets in Resources */,
			);
			runOnlyForDeploymentPostprocessing = 0;
		};
/* End PBXResourcesBuildPhase section */

/* Begin PBXSourcesBuildPhase section */
		764E4A592A1204430081256D /* Sources */ = {
			isa = PBXSourcesBuildPhase;
			buildActionMask = 2147483647;
			files = (
				764E4A762A1210770081256D /* NetworkController.swift in Sources */,
				764E4A802A128D430081256D /* EarthquakeDetailView.swift in Sources */,
				764E4A782A12148E0081256D /* StateController.swift in Sources */,
				764E4A702A1205C30081256D /* Earthquake.swift in Sources */,
				764E4A632A1204430081256D /* MainView.swift in Sources */,
				764E4A7E2A1287270081256D /* EarthquakeSpan.swift in Sources */,
				764E4A822A12C62A0081256D /* LikedOnlyView.swift in Sources */,
				764E4A612A1204430081256D /* JordskævApp.swift in Sources */,
				764E4A722A12081F0081256D /* ListView.swift in Sources */,
				7645B8B42A13B45600A30370 /* EarthquakeDetails.swift in Sources */,
			);
			runOnlyForDeploymentPostprocessing = 0;
		};
/* End PBXSourcesBuildPhase section */

/* Begin XCBuildConfiguration section */
		764E4A692A1204450081256D /* Debug */ = {
			isa = XCBuildConfiguration;
			buildSettings = {
				ALWAYS_SEARCH_USER_PATHS = NO;
				CLANG_ANALYZER_NONNULL = YES;
				CLANG_ANALYZER_NUMBER_OBJECT_CONVERSION = YES_AGGRESSIVE;
				CLANG_CXX_LANGUAGE_STANDARD = "gnu++20";
				CLANG_ENABLE_MODULES = YES;
				CLANG_ENABLE_OBJC_ARC = YES;
				CLANG_ENABLE_OBJC_WEAK = YES;
				CLANG_WARN_BLOCK_CAPTURE_AUTORELEASING = YES;
				CLANG_WARN_BOOL_CONVERSION = YES;
				CLANG_WARN_COMMA = YES;
				CLANG_WARN_CONSTANT_CONVERSION = YES;
				CLANG_WARN_DEPRECATED_OBJC_IMPLEMENTATIONS = YES;
				CLANG_WARN_DIRECT_OBJC_ISA_USAGE = YES_ERROR;
				CLANG_WARN_DOCUMENTATION_COMMENTS = YES;
				CLANG_WARN_EMPTY_BODY = YES;
				CLANG_WARN_ENUM_CONVERSION = YES;
				CLANG_WARN_INFINITE_RECURSION = YES;
				CLANG_WARN_INT_CONVERSION = YES;
				CLANG_WARN_NON_LITERAL_NULL_CONVERSION = YES;
				CLANG_WARN_OBJC_IMPLICIT_RETAIN_SELF = YES;
				CLANG_WARN_OBJC_LITERAL_CONVERSION = YES;
				CLANG_WARN_OBJC_ROOT_CLASS = YES_ERROR;
				CLANG_WARN_QUOTED_INCLUDE_IN_FRAMEWORK_HEADER = YES;
				CLANG_WARN_RANGE_LOOP_ANALYSIS = YES;
				CLANG_WARN_STRICT_PROTOTYPES = YES;
				CLANG_WARN_SUSPICIOUS_MOVE = YES;
				CLANG_WARN_UNGUARDED_AVAILABILITY = YES_AGGRESSIVE;
				CLANG_WARN_UNREACHABLE_CODE = YES;
				CLANG_WARN__DUPLICATE_METHOD_MATCH = YES;
				COPY_PHASE_STRIP = NO;
				DEBUG_INFORMATION_FORMAT = dwarf;
				ENABLE_STRICT_OBJC_MSGSEND = YES;
				ENABLE_TESTABILITY = YES;
				GCC_C_LANGUAGE_STANDARD = gnu11;
				GCC_DYNAMIC_NO_PIC = NO;
				GCC_NO_COMMON_BLOCKS = YES;
				GCC_OPTIMIZATION_LEVEL = 0;
				GCC_PREPROCESSOR_DEFINITIONS = (
					"DEBUG=1",
					"$(inherited)",
				);
				GCC_WARN_64_TO_32_BIT_CONVERSION = YES;
				GCC_WARN_ABOUT_RETURN_TYPE = YES_ERROR;
				GCC_WARN_UNDECLARED_SELECTOR = YES;
				GCC_WARN_UNINITIALIZED_AUTOS = YES_AGGRESSIVE;
				GCC_WARN_UNUSED_FUNCTION = YES;
				GCC_WARN_UNUSED_VARIABLE = YES;
				IPHONEOS_DEPLOYMENT_TARGET = 16.4;
				MTL_ENABLE_DEBUG_INFO = INCLUDE_SOURCE;
				MTL_FAST_MATH = YES;
				ONLY_ACTIVE_ARCH = YES;
				SDKROOT = iphoneos;
				SWIFT_ACTIVE_COMPILATION_CONDITIONS = DEBUG;
				SWIFT_OPTIMIZATION_LEVEL = "-Onone";
			};
			name = Debug;
		};
		764E4A6A2A1204450081256D /* Release */ = {
			isa = XCBuildConfiguration;
			buildSettings = {
				ALWAYS_SEARCH_USER_PATHS = NO;
				CLANG_ANALYZER_NONNULL = YES;
				CLANG_ANALYZER_NUMBER_OBJECT_CONVERSION = YES_AGGRESSIVE;
				CLANG_CXX_LANGUAGE_STANDARD = "gnu++20";
				CLANG_ENABLE_MODULES = YES;
				CLANG_ENABLE_OBJC_ARC = YES;
				CLANG_ENABLE_OBJC_WEAK = YES;
				CLANG_WARN_BLOCK_CAPTURE_AUTORELEASING = YES;
				CLANG_WARN_BOOL_CONVERSION = YES;
				CLANG_WARN_COMMA = YES;
				CLANG_WARN_CONSTANT_CONVERSION = YES;
				CLANG_WARN_DEPRECATED_OBJC_IMPLEMENTATIONS = YES;
				CLANG_WARN_DIRECT_OBJC_ISA_USAGE = YES_ERROR;
				CLANG_WARN_DOCUMENTATION_COMMENTS = YES;
				CLANG_WARN_EMPTY_BODY = YES;
				CLANG_WARN_ENUM_CONVERSION = YES;
				CLANG_WARN_INFINITE_RECURSION = YES;
				CLANG_WARN_INT_CONVERSION = YES;
				CLANG_WARN_NON_LITERAL_NULL_CONVERSION = YES;
				CLANG_WARN_OBJC_IMPLICIT_RETAIN_SELF = YES;
				CLANG_WARN_OBJC_LITERAL_CONVERSION = YES;
				CLANG_WARN_OBJC_ROOT_CLASS = YES_ERROR;
				CLANG_WARN_QUOTED_INCLUDE_IN_FRAMEWORK_HEADER = YES;
				CLANG_WARN_RANGE_LOOP_ANALYSIS = YES;
				CLANG_WARN_STRICT_PROTOTYPES = YES;
				CLANG_WARN_SUSPICIOUS_MOVE = YES;
				CLANG_WARN_UNGUARDED_AVAILABILITY = YES_AGGRESSIVE;
				CLANG_WARN_UNREACHABLE_CODE = YES;
				CLANG_WARN__DUPLICATE_METHOD_MATCH = YES;
				COPY_PHASE_STRIP = NO;
				DEBUG_INFORMATION_FORMAT = "dwarf-with-dsym";
				ENABLE_NS_ASSERTIONS = NO;
				ENABLE_STRICT_OBJC_MSGSEND = YES;
				GCC_C_LANGUAGE_STANDARD = gnu11;
				GCC_NO_COMMON_BLOCKS = YES;
				GCC_WARN_64_TO_32_BIT_CONVERSION = YES;
				GCC_WARN_ABOUT_RETURN_TYPE = YES_ERROR;
				GCC_WARN_UNDECLARED_SELECTOR = YES;
				GCC_WARN_UNINITIALIZED_AUTOS = YES_AGGRESSIVE;
				GCC_WARN_UNUSED_FUNCTION = YES;
				GCC_WARN_UNUSED_VARIABLE = YES;
				IPHONEOS_DEPLOYMENT_TARGET = 16.4;
				MTL_ENABLE_DEBUG_INFO = NO;
				MTL_FAST_MATH = YES;
				SDKROOT = iphoneos;
				SWIFT_COMPILATION_MODE = wholemodule;
				SWIFT_OPTIMIZATION_LEVEL = "-O";
				VALIDATE_PRODUCT = YES;
			};
			name = Release;
		};
		764E4A6C2A1204450081256D /* Debug */ = {
			isa = XCBuildConfiguration;
			buildSettings = {
				ASSETCATALOG_COMPILER_APPICON_NAME = AppIcon;
				ASSETCATALOG_COMPILER_GLOBAL_ACCENT_COLOR_NAME = AccentColor;
				CODE_SIGN_STYLE = Automatic;
				CURRENT_PROJECT_VERSION = 1;
				DEVELOPMENT_ASSET_PATHS = "\"Jordskæv/Preview Content\"";
				ENABLE_PREVIEWS = YES;
				GENERATE_INFOPLIST_FILE = YES;
				INFOPLIST_KEY_UIApplicationSceneManifest_Generation = YES;
				INFOPLIST_KEY_UIApplicationSupportsIndirectInputEvents = YES;
				INFOPLIST_KEY_UILaunchScreen_Generation = YES;
				INFOPLIST_KEY_UISupportedInterfaceOrientations_iPad = "UIInterfaceOrientationPortrait UIInterfaceOrientationPortraitUpsideDown UIInterfaceOrientationLandscapeLeft UIInterfaceOrientationLandscapeRight";
				INFOPLIST_KEY_UISupportedInterfaceOrientations_iPhone = "UIInterfaceOrientationPortrait UIInterfaceOrientationLandscapeLeft UIInterfaceOrientationLandscapeRight";
				LD_RUNPATH_SEARCH_PATHS = (
					"$(inherited)",
					"@executable_path/Frameworks",
				);
				MARKETING_VERSION = 1.0;
				PRODUCT_BUNDLE_IDENTIFIER = "mikkel.Jordsk-v";
				PRODUCT_NAME = "$(TARGET_NAME)";
				SWIFT_EMIT_LOC_STRINGS = YES;
				SWIFT_VERSION = 5.0;
				TARGETED_DEVICE_FAMILY = "1,2";
			};
			name = Debug;
		};
		764E4A6D2A1204450081256D /* Release */ = {
			isa = XCBuildConfiguration;
			buildSettings = {
				ASSETCATALOG_COMPILER_APPICON_NAME = AppIcon;
				ASSETCATALOG_COMPILER_GLOBAL_ACCENT_COLOR_NAME = AccentColor;
				CODE_SIGN_STYLE = Automatic;
				CURRENT_PROJECT_VERSION = 1;
				DEVELOPMENT_ASSET_PATHS = "\"Jordskæv/Preview Content\"";
				ENABLE_PREVIEWS = YES;
				GENERATE_INFOPLIST_FILE = YES;
				INFOPLIST_KEY_UIApplicationSceneManifest_Generation = YES;
				INFOPLIST_KEY_UIApplicationSupportsIndirectInputEvents = YES;
				INFOPLIST_KEY_UILaunchScreen_Generation = YES;
				INFOPLIST_KEY_UISupportedInterfaceOrientations_iPad = "UIInterfaceOrientationPortrait UIInterfaceOrientationPortraitUpsideDown UIInterfaceOrientationLandscapeLeft UIInterfaceOrientationLandscapeRight";
				INFOPLIST_KEY_UISupportedInterfaceOrientations_iPhone = "UIInterfaceOrientationPortrait UIInterfaceOrientationLandscapeLeft UIInterfaceOrientationLandscapeRight";
				LD_RUNPATH_SEARCH_PATHS = (
					"$(inherited)",
					"@executable_path/Frameworks",
				);
				MARKETING_VERSION = 1.0;
				PRODUCT_BUNDLE_IDENTIFIER = "mikkel.Jordsk-v";
				PRODUCT_NAME = "$(TARGET_NAME)";
				SWIFT_EMIT_LOC_STRINGS = YES;
				SWIFT_VERSION = 5.0;
				TARGETED_DEVICE_FAMILY = "1,2";
			};
			name = Release;
		};
/* End XCBuildConfiguration section */

/* Begin XCConfigurationList section */
		764E4A582A1204430081256D /* Build configuration list for PBXProject "Jordskæv" */ = {
			isa = XCConfigurationList;
			buildConfigurations = (
				764E4A692A1204450081256D /* Debug */,
				764E4A6A2A1204450081256D /* Release */,
			);
			defaultConfigurationIsVisible = 0;
			defaultConfigurationName = Release;
		};
		764E4A6B2A1204450081256D /* Build configuration list for PBXNativeTarget "Jordskæv" */ = {
			isa = XCConfigurationList;
			buildConfigurations = (
				764E4A6C2A1204450081256D /* Debug */,
				764E4A6D2A1204450081256D /* Release */,
			);
			defaultConfigurationIsVisible = 0;
			defaultConfigurationName = Release;
		};
/* End XCConfigurationList section */
	};
	rootObject = 764E4A552A1204430081256D /* Project object */;
}
